
Microsoft Visual Studio Solution File, Format Version 12.00
# Visual Studio Version 17
VisualStudioVersion = 17.12.35521.163 d17.12
MinimumVisualStudioVersion = 10.0.40219.1
Project("{2150E333-8FDC-42A3-9474-1A3956D46DE8}") = "adapter", "adapter", "{AF5F9EF8-5F60-409E-B67A-418FCC99CA29}"
EndProject
Project("{2150E333-8FDC-42A3-9474-1A3956D46DE8}") = "core", "core", "{FCB0EEB5-125B-45C4-80BB-5E23345E0164}"
EndProject
Project("{2150E333-8FDC-42A3-9474-1A3956D46DE8}") = "driver", "driver", "{FF28803F-B076-4142-A508-7E3D84F3F35B}"
EndProject
Project("{2150E333-8FDC-42A3-9474-1A3956D46DE8}") = "driven", "driven", "{1ED6241C-C7DC-4ABD-9C10-5C2BCEDC806D}"
EndProject
Project("{E53339B2-1760-4266-BCC7-CA923CBCF16C}") = "docker-compose", "docker-compose.dcproj", "{DBB12C83-058C-4222-8B52-13A2764DDFD8}"
EndProject
Project("{2150E333-8FDC-42A3-9474-1A3956D46DE8}") = "tests", "tests", "{664DC37E-73AF-4133-948B-C919FD4965B4}"
EndProject
Project("{FAE04EC0-301F-11D3-BF4B-00C04F79EFBC}") = "CP.Clientes.Infra", "adapter\driven\CP.Clientes.Infra\CP.Clientes.Infra.csproj", "{90EC0B0E-AB8F-4497-80F3-BDB4C9A5CE87}"
EndProject
Project("{FAE04EC0-301F-11D3-BF4B-00C04F79EFBC}") = "CP.Clientes.Api", "adapter\driver\CP.Clientes.Api\CP.Clientes.Api.csproj", "{5A30D5CE-41C9-4169-B3C6-99E2B29F96AF}"
EndProject
Project("{FAE04EC0-301F-11D3-BF4B-00C04F79EFBC}") = "CP.Clientes.Application", "core\CP.Clientes.Application\CP.Clientes.Application.csproj", "{0BA24906-40F5-4FFF-9216-D3D34F60959B}"
EndProject
Project("{FAE04EC0-301F-11D3-BF4B-00C04F79EFBC}") = "CP.Clientes.Domain", "core\CP.Clientes.Domain\CP.Clientes.Domain.csproj", "{D5852AF7-E5EA-42DB-B982-4F0F43C20358}"
EndProject
Project("{FAE04EC0-301F-11D3-BF4B-00C04F79EFBC}") = "CP.Clientes.IOC", "adapter\CP.Clientes.IOC\CP.Clientes.IOC.csproj", "{0D9F9E0C-2458-4BA0-A202-67F15016D827}"
EndProject
Project("{FAE04EC0-301F-11D3-BF4B-00C04F79EFBC}") = "CP.Clientes.UnitTests", "tests\CP.Clientes.UnitTests\CP.Clientes.UnitTests.csproj", "{63A21522-8EDB-49CA-BFCD-BED48353188E}"
EndProject
Project("{2150E333-8FDC-42A3-9474-1A3956D46DE8}") = "common", "common", "{9D30F22D-40BF-4F71-A961-A8BCD324390E}"
EndProject
Project("{FAE04EC0-301F-11D3-BF4B-00C04F79EFBC}") = "CP.Clientes.CrossCutting", "common\CP.Clientes.CrossCutting\CP.Clientes.CrossCutting.csproj", "{26FB913B-5D7E-408C-8EDD-2D6065820470}"
EndProject
Project("{FAE04EC0-301F-11D3-BF4B-00C04F79EFBC}") = "CP.Clientes.IntegrationTests", "tests\CP.Clientes.IntegrationTests\CP.Clientes.IntegrationTests.csproj", "{6257C19E-7B94-4376-B141-51E21CB16127}"
EndProject
Global
	GlobalSection(SolutionConfigurationPlatforms) = preSolution
		Debug|Any CPU = Debug|Any CPU
		Release|Any CPU = Release|Any CPU
	EndGlobalSection
	GlobalSection(ProjectConfigurationPlatforms) = postSolution
		{DBB12C83-058C-4222-8B52-13A2764DDFD8}.Debug|Any CPU.ActiveCfg = Debug|Any CPU
		{DBB12C83-058C-4222-8B52-13A2764DDFD8}.Debug|Any CPU.Build.0 = Debug|Any CPU
		{DBB12C83-058C-4222-8B52-13A2764DDFD8}.Release|Any CPU.ActiveCfg = Release|Any CPU
		{DBB12C83-058C-4222-8B52-13A2764DDFD8}.Release|Any CPU.Build.0 = Release|Any CPU
		{90EC0B0E-AB8F-4497-80F3-BDB4C9A5CE87}.Debug|Any CPU.ActiveCfg = Debug|Any CPU
		{90EC0B0E-AB8F-4497-80F3-BDB4C9A5CE87}.Debug|Any CPU.Build.0 = Debug|Any CPU
		{90EC0B0E-AB8F-4497-80F3-BDB4C9A5CE87}.Release|Any CPU.ActiveCfg = Release|Any CPU
		{90EC0B0E-AB8F-4497-80F3-BDB4C9A5CE87}.Release|Any CPU.Build.0 = Release|Any CPU
		{5A30D5CE-41C9-4169-B3C6-99E2B29F96AF}.Debug|Any CPU.ActiveCfg = Debug|Any CPU
		{5A30D5CE-41C9-4169-B3C6-99E2B29F96AF}.Debug|Any CPU.Build.0 = Debug|Any CPU
		{5A30D5CE-41C9-4169-B3C6-99E2B29F96AF}.Release|Any CPU.ActiveCfg = Release|Any CPU
		{5A30D5CE-41C9-4169-B3C6-99E2B29F96AF}.Release|Any CPU.Build.0 = Release|Any CPU
		{0BA24906-40F5-4FFF-9216-D3D34F60959B}.Debug|Any CPU.ActiveCfg = Debug|Any CPU
		{0BA24906-40F5-4FFF-9216-D3D34F60959B}.Debug|Any CPU.Build.0 = Debug|Any CPU
		{0BA24906-40F5-4FFF-9216-D3D34F60959B}.Release|Any CPU.ActiveCfg = Release|Any CPU
		{0BA24906-40F5-4FFF-9216-D3D34F60959B}.Release|Any CPU.Build.0 = Release|Any CPU
		{D5852AF7-E5EA-42DB-B982-4F0F43C20358}.Debug|Any CPU.ActiveCfg = Debug|Any CPU
		{D5852AF7-E5EA-42DB-B982-4F0F43C20358}.Debug|Any CPU.Build.0 = Debug|Any CPU
		{D5852AF7-E5EA-42DB-B982-4F0F43C20358}.Release|Any CPU.ActiveCfg = Release|Any CPU
		{D5852AF7-E5EA-42DB-B982-4F0F43C20358}.Release|Any CPU.Build.0 = Release|Any CPU
		{0D9F9E0C-2458-4BA0-A202-67F15016D827}.Debug|Any CPU.ActiveCfg = Debug|Any CPU
		{0D9F9E0C-2458-4BA0-A202-67F15016D827}.Debug|Any CPU.Build.0 = Debug|Any CPU
		{0D9F9E0C-2458-4BA0-A202-67F15016D827}.Release|Any CPU.ActiveCfg = Release|Any CPU
		{0D9F9E0C-2458-4BA0-A202-67F15016D827}.Release|Any CPU.Build.0 = Release|Any CPU
		{63A21522-8EDB-49CA-BFCD-BED48353188E}.Debug|Any CPU.ActiveCfg = Debug|Any CPU
		{63A21522-8EDB-49CA-BFCD-BED48353188E}.Debug|Any CPU.Build.0 = Debug|Any CPU
		{63A21522-8EDB-49CA-BFCD-BED48353188E}.Release|Any CPU.ActiveCfg = Release|Any CPU
		{63A21522-8EDB-49CA-BFCD-BED48353188E}.Release|Any CPU.Build.0 = Release|Any CPU
		{26FB913B-5D7E-408C-8EDD-2D6065820470}.Debug|Any CPU.ActiveCfg = Debug|Any CPU
		{26FB913B-5D7E-408C-8EDD-2D6065820470}.Debug|Any CPU.Build.0 = Debug|Any CPU
		{26FB913B-5D7E-408C-8EDD-2D6065820470}.Release|Any CPU.ActiveCfg = Release|Any CPU
		{26FB913B-5D7E-408C-8EDD-2D6065820470}.Release|Any CPU.Build.0 = Release|Any CPU
		{6257C19E-7B94-4376-B141-51E21CB16127}.Debug|Any CPU.ActiveCfg = Debug|Any CPU
		{6257C19E-7B94-4376-B141-51E21CB16127}.Debug|Any CPU.Build.0 = Debug|Any CPU
		{6257C19E-7B94-4376-B141-51E21CB16127}.Release|Any CPU.ActiveCfg = Release|Any CPU
		{6257C19E-7B94-4376-B141-51E21CB16127}.Release|Any CPU.Build.0 = Release|Any CPU
	EndGlobalSection
	GlobalSection(SolutionProperties) = preSolution
		HideSolutionNode = FALSE
	EndGlobalSection
	GlobalSection(NestedProjects) = preSolution
		{FF28803F-B076-4142-A508-7E3D84F3F35B} = {AF5F9EF8-5F60-409E-B67A-418FCC99CA29}
		{1ED6241C-C7DC-4ABD-9C10-5C2BCEDC806D} = {AF5F9EF8-5F60-409E-B67A-418FCC99CA29}
		{90EC0B0E-AB8F-4497-80F3-BDB4C9A5CE87} = {1ED6241C-C7DC-4ABD-9C10-5C2BCEDC806D}
		{5A30D5CE-41C9-4169-B3C6-99E2B29F96AF} = {FF28803F-B076-4142-A508-7E3D84F3F35B}
		{0BA24906-40F5-4FFF-9216-D3D34F60959B} = {FCB0EEB5-125B-45C4-80BB-5E23345E0164}
		{D5852AF7-E5EA-42DB-B982-4F0F43C20358} = {FCB0EEB5-125B-45C4-80BB-5E23345E0164}
		{0D9F9E0C-2458-4BA0-A202-67F15016D827} = {AF5F9EF8-5F60-409E-B67A-418FCC99CA29}
		{63A21522-8EDB-49CA-BFCD-BED48353188E} = {664DC37E-73AF-4133-948B-C919FD4965B4}
		{26FB913B-5D7E-408C-8EDD-2D6065820470} = {9D30F22D-40BF-4F71-A961-A8BCD324390E}
		{6257C19E-7B94-4376-B141-51E21CB16127} = {664DC37E-73AF-4133-948B-C919FD4965B4}
	EndGlobalSection
	GlobalSection(ExtensibilityGlobals) = postSolution
		SolutionGuid = {1B4FA748-A259-4F84-977A-31927FA7588B}
	EndGlobalSection
EndGlobal
